{
    "babdev/pagerfanta-bundle": {
        "version": "v2.10.0"
    },
    "doctrine/deprecations": {
        "version": "v0.5.3"
    },
    "friendsofphp/proxy-manager-lts": {
        "version": "v1.0.3"
    },
    "laminas/laminas-code": {
        "version": "4.1.0"
    },
    "laminas/laminas-eventmanager": {
        "version": "3.3.1"
    },
    "laminas/laminas-zendframework-bridge": {
        "version": "1.2.0"
    },
    "psr/event-dispatcher": {
        "version": "1.0.0"
    },
    "symfony/http-client-contracts": {
        "version": "v2.3.1"
    },
    "symfony/proxy-manager-bridge": {
        "version": "v5.2.4"
    }
}
